{
  "name": "nodejs",
  "version": "1.0.0",
  "lockfileVersion": 1,
  "requires": true,
  "dependencies": {
    "nuid": {
      "version": "0.6.14",
      "resolved": "https://registry.npm.taobao.org/nuid/download/nuid-0.6.14.tgz",
      "integrity": "sha1-oiXItyDkbFY62NE2QTaGafbCW0g="
    },
    "websocket-nats": {
      "version": "0.3.3",
      "resolved": "https://registry.npm.taobao.org/websocket-nats/download/websocket-nats-0.3.3.tgz",
      "integrity": "sha1-igSTvVuXyvH4VzmDuu2HFTmVI+8=",
      "requires": {
        "nuid": "^0.6.8"
      }
    },
    "ws": {
      "version": "7.4.6",
      "resolved": "https://registry.npmjs.org/ws/-/ws-7.4.6.tgz",
      "integrity": "sha512-YmhHDO4MzaDLB+M9ym/mDA5z0naX8j7SIlT8f8z+I0VtzsRbekxEutHSme7NPS2qE8StCYQNUnfWdXta/Yu85A=="
    }
  }
}
