{
  "name": "nodejs",
  "version": "1.0.0",
  "lockfileVersion": 1,
  "requires": true,
  "dependencies": {
    "nuid": {
      "version": "0.6.14",
      "resolved": "https://registry.npm.taobao.org/nuid/download/nuid-0.6.14.tgz",
      "integrity": "sha1-oiXItyDkbFY62NE2QTaGafbCW0g="
    },
    "websocket-nats": {
      "version": "0.3.3",
      "resolved": "https://registry.npm.taobao.org/websocket-nats/download/websocket-nats-0.3.3.tgz",
      "integrity": "sha1-igSTvVuXyvH4VzmDuu2HFTmVI+8=",
      "requires": {
        "nuid": "^0.6.8"
      }
    },
    "ws": {
      "version": "7.2.5",
      "resolved": "https://registry.npm.taobao.org/ws/download/ws-7.2.5.tgz?cache=0&sync_timestamp=1587811730960&other_urls=https%3A%2F%2Fregistry.npm.taobao.org%2Fws%2Fdownload%2Fws-7.2.5.tgz",
      "integrity": "sha1-q7E3DUYmpanNedjeQEqhizRl0Q0="
    }
  }
}
